github.com/maragudk/is v0.1.0 h1:obq9anZNmOYcaNbeT0LMyjIexdNeYTw/TLAPD/BnZHA=
github.com/maragudk/is v0.1.0/go.mod h1:W/r6+TpnISu+a88OLXQy5JQGCOhXQXXLD2e5b4xMn5c=
github.com/mattn/go-sqlite3 v1.14.19 h1:fhGleo2h1p8tVChob4I9HpmVFIAkKGpiukdrgQbWfGI=
github.com/mattn/go-sqlite3 v1.14.19/go.mod h1:2eHXhiwb8IkHr+BDWZGa96P6+rkvnG63S2DGjv9HUNg=
